
Microsoft Visual Studio Solution File, Format Version 12.00
# Visual Studio Version 17
VisualStudioVersion = 17.0.31903.59
MinimumVisualStudioVersion = 10.0.40219.1
Project("{2150E333-8FDC-42A3-9474-1A3956D46DE8}") = "Solution Items", "Solution Items", "{4C763E6F-D2FE-49E4-9BF4-58C2059DA673}"
	ProjectSection(SolutionItems) = preProject
		.editorconfig = .editorconfig
		Directory.Build.props = Directory.Build.props
		src\Directory.Build.props = src\Directory.Build.props
		Directory.Packages.props = Directory.Packages.props
	EndProjectSection
EndProject
Project("{2150E333-8FDC-42A3-9474-1A3956D46DE8}") = "src", "src", "{84607529-5E49-4BA6-8058-B4A917E47B7D}"
EndProject
Project("{FAE04EC0-301F-11D3-BF4B-00C04F79EFBC}") = "Commands", "src\Commands\Commands.csproj", "{F48FEC61-1A1E-4FED-9E59-06A7E28977E2}"
EndProject
Project("{FAE04EC0-301F-11D3-BF4B-00C04F79EFBC}") = "Abstractions", "src\Abstractions\Abstractions.csproj", "{4617F01F-207C-4BA6-976E-286BFD5B50A8}"
EndProject
Project("{FAE04EC0-301F-11D3-BF4B-00C04F79EFBC}") = "Implementation", "src\Implementation\Implementation.csproj", "{3C409070-DCA7-46C5-99E5-9EE8C326B433}"
EndProject
Project("{2150E333-8FDC-42A3-9474-1A3956D46DE8}") = "tests", "tests", "{1B92BE4A-00E1-451F-9C9E-BEEC3CB1F7C3}"
EndProject
Project("{2150E333-8FDC-42A3-9474-1A3956D46DE8}") = "unit", "unit", "{9B555DB2-D8B5-4D6B-8849-CA1689FD3B4A}"
EndProject
Project("{2150E333-8FDC-42A3-9474-1A3956D46DE8}") = "Implementation", "Implementation", "{20A74B5F-F6E5-4941-A125-10987D300574}"
EndProject
Project("{FAE04EC0-301F-11D3-BF4B-00C04F79EFBC}") = "RecordArgumentDataCommandFactory", "tests\unit\Implementation\RecordArgumentDataCommandFactory\RecordArgumentDataCommandFactory.csproj", "{B9F35F51-5A43-4E15-B4EB-D8ABB35CD51B}"
EndProject
Project("{FAE04EC0-301F-11D3-BF4B-00C04F79EFBC}") = "RecordArgumentExistenceCommandFactory", "tests\unit\Implementation\RecordArgumentExistenceCommandFactory\RecordArgumentExistenceCommandFactory.csproj", "{6BA69263-7168-45A0-ADE5-0D59358C9975}"
EndProject
Project("{FAE04EC0-301F-11D3-BF4B-00C04F79EFBC}") = "RecordArgumentDataCommandCoordinator", "tests\unit\Implementation\RecordArgumentDataCommandCoordinator\RecordArgumentDataCommandCoordinator.csproj", "{7FA69379-850F-4322-84A8-62744BAAE3D8}"
EndProject
Project("{FAE04EC0-301F-11D3-BF4B-00C04F79EFBC}") = "RecordArgumentExistenceCommandCoordinator", "tests\unit\Implementation\RecordArgumentExistenceCommandCoordinator\RecordArgumentExistenceCommandCoordinator.csproj", "{4006F9F9-944A-4000-A3F3-0B14020A11DF}"
EndProject
Global
	GlobalSection(SolutionConfigurationPlatforms) = preSolution
		Debug|Any CPU = Debug|Any CPU
		Release|Any CPU = Release|Any CPU
	EndGlobalSection
	GlobalSection(ProjectConfigurationPlatforms) = postSolution
		{F48FEC61-1A1E-4FED-9E59-06A7E28977E2}.Debug|Any CPU.ActiveCfg = Debug|Any CPU
		{F48FEC61-1A1E-4FED-9E59-06A7E28977E2}.Debug|Any CPU.Build.0 = Debug|Any CPU
		{F48FEC61-1A1E-4FED-9E59-06A7E28977E2}.Release|Any CPU.ActiveCfg = Release|Any CPU
		{F48FEC61-1A1E-4FED-9E59-06A7E28977E2}.Release|Any CPU.Build.0 = Release|Any CPU
		{4617F01F-207C-4BA6-976E-286BFD5B50A8}.Debug|Any CPU.ActiveCfg = Debug|Any CPU
		{4617F01F-207C-4BA6-976E-286BFD5B50A8}.Debug|Any CPU.Build.0 = Debug|Any CPU
		{4617F01F-207C-4BA6-976E-286BFD5B50A8}.Release|Any CPU.ActiveCfg = Release|Any CPU
		{4617F01F-207C-4BA6-976E-286BFD5B50A8}.Release|Any CPU.Build.0 = Release|Any CPU
		{3C409070-DCA7-46C5-99E5-9EE8C326B433}.Debug|Any CPU.ActiveCfg = Debug|Any CPU
		{3C409070-DCA7-46C5-99E5-9EE8C326B433}.Debug|Any CPU.Build.0 = Debug|Any CPU
		{3C409070-DCA7-46C5-99E5-9EE8C326B433}.Release|Any CPU.ActiveCfg = Release|Any CPU
		{3C409070-DCA7-46C5-99E5-9EE8C326B433}.Release|Any CPU.Build.0 = Release|Any CPU
		{B9F35F51-5A43-4E15-B4EB-D8ABB35CD51B}.Debug|Any CPU.ActiveCfg = Debug|Any CPU
		{B9F35F51-5A43-4E15-B4EB-D8ABB35CD51B}.Debug|Any CPU.Build.0 = Debug|Any CPU
		{B9F35F51-5A43-4E15-B4EB-D8ABB35CD51B}.Release|Any CPU.ActiveCfg = Release|Any CPU
		{B9F35F51-5A43-4E15-B4EB-D8ABB35CD51B}.Release|Any CPU.Build.0 = Release|Any CPU
		{6BA69263-7168-45A0-ADE5-0D59358C9975}.Debug|Any CPU.ActiveCfg = Debug|Any CPU
		{6BA69263-7168-45A0-ADE5-0D59358C9975}.Debug|Any CPU.Build.0 = Debug|Any CPU
		{6BA69263-7168-45A0-ADE5-0D59358C9975}.Release|Any CPU.ActiveCfg = Release|Any CPU
		{6BA69263-7168-45A0-ADE5-0D59358C9975}.Release|Any CPU.Build.0 = Release|Any CPU
		{7FA69379-850F-4322-84A8-62744BAAE3D8}.Debug|Any CPU.ActiveCfg = Debug|Any CPU
		{7FA69379-850F-4322-84A8-62744BAAE3D8}.Debug|Any CPU.Build.0 = Debug|Any CPU
		{7FA69379-850F-4322-84A8-62744BAAE3D8}.Release|Any CPU.ActiveCfg = Release|Any CPU
		{7FA69379-850F-4322-84A8-62744BAAE3D8}.Release|Any CPU.Build.0 = Release|Any CPU
		{4006F9F9-944A-4000-A3F3-0B14020A11DF}.Debug|Any CPU.ActiveCfg = Debug|Any CPU
		{4006F9F9-944A-4000-A3F3-0B14020A11DF}.Debug|Any CPU.Build.0 = Debug|Any CPU
		{4006F9F9-944A-4000-A3F3-0B14020A11DF}.Release|Any CPU.ActiveCfg = Release|Any CPU
		{4006F9F9-944A-4000-A3F3-0B14020A11DF}.Release|Any CPU.Build.0 = Release|Any CPU
	EndGlobalSection
	GlobalSection(SolutionProperties) = preSolution
		HideSolutionNode = FALSE
	EndGlobalSection
	GlobalSection(NestedProjects) = preSolution
		{F48FEC61-1A1E-4FED-9E59-06A7E28977E2} = {84607529-5E49-4BA6-8058-B4A917E47B7D}
		{4617F01F-207C-4BA6-976E-286BFD5B50A8} = {84607529-5E49-4BA6-8058-B4A917E47B7D}
		{3C409070-DCA7-46C5-99E5-9EE8C326B433} = {84607529-5E49-4BA6-8058-B4A917E47B7D}
		{9B555DB2-D8B5-4D6B-8849-CA1689FD3B4A} = {1B92BE4A-00E1-451F-9C9E-BEEC3CB1F7C3}
		{20A74B5F-F6E5-4941-A125-10987D300574} = {9B555DB2-D8B5-4D6B-8849-CA1689FD3B4A}
		{B9F35F51-5A43-4E15-B4EB-D8ABB35CD51B} = {20A74B5F-F6E5-4941-A125-10987D300574}
		{6BA69263-7168-45A0-ADE5-0D59358C9975} = {20A74B5F-F6E5-4941-A125-10987D300574}
		{7FA69379-850F-4322-84A8-62744BAAE3D8} = {20A74B5F-F6E5-4941-A125-10987D300574}
		{4006F9F9-944A-4000-A3F3-0B14020A11DF} = {20A74B5F-F6E5-4941-A125-10987D300574}
	EndGlobalSection
EndGlobal
