
Microsoft Visual Studio Solution File, Format Version 12.00
# Visual Studio Version 17
VisualStudioVersion = 17.0.31903.59
MinimumVisualStudioVersion = 10.0.40219.1
Project("{2150E333-8FDC-42A3-9474-1A3956D46DE8}") = "Solution Items", "Solution Items", "{4C763E6F-D2FE-49E4-9BF4-58C2059DA673}"
	ProjectSection(SolutionItems) = preProject
		.editorconfig = .editorconfig
		Directory.Build.props = Directory.Build.props
		src\Directory.Build.props = src\Directory.Build.props
		Directory.Packages.props = Directory.Packages.props
	EndProjectSection
EndProject
Project("{FAE04EC0-301F-11D3-BF4B-00C04F79EFBC}") = "Paraminter.Recorders.Core", "src\Paraminter.Recorders.Core\Paraminter.Recorders.Core.csproj", "{C96C651F-E9D1-4A2C-9271-2A89009DCF9E}"
EndProject
Global
	GlobalSection(SolutionConfigurationPlatforms) = preSolution
		Debug|Any CPU = Debug|Any CPU
		Release|Any CPU = Release|Any CPU
	EndGlobalSection
	GlobalSection(SolutionProperties) = preSolution
		HideSolutionNode = FALSE
	EndGlobalSection
	GlobalSection(ProjectConfigurationPlatforms) = postSolution
		{C96C651F-E9D1-4A2C-9271-2A89009DCF9E}.Debug|Any CPU.ActiveCfg = Debug|Any CPU
		{C96C651F-E9D1-4A2C-9271-2A89009DCF9E}.Debug|Any CPU.Build.0 = Debug|Any CPU
		{C96C651F-E9D1-4A2C-9271-2A89009DCF9E}.Release|Any CPU.ActiveCfg = Release|Any CPU
		{C96C651F-E9D1-4A2C-9271-2A89009DCF9E}.Release|Any CPU.Build.0 = Release|Any CPU
	EndGlobalSection
EndGlobal
